// !$*UTF8*$!
{
	archiveVersion = 1;
	classes = {
	};
	objectVersion = 48;
	objects = {

/* Begin PBXBuildFile section */
		A459234E2042A53800F799BF /* AppDelegate.m in Sources */ = {isa = PBXBuildFile; fileRef = A459234D2042A53800F799BF /* AppDelegate.m */; };
		A45923512042A53800F799BF /* ViewController.m in Sources */ = {isa = PBXBuildFile; fileRef = A45923502042A53800F799BF /* ViewController.m */; };
		A45923542042A53800F799BF /* Main.storyboard in Resources */ = {isa = PBXBuildFile; fileRef = A45923522042A53800F799BF /* Main.storyboard */; };
		A45923562042A53800F799BF /* Assets.xcassets in Resources */ = {isa = PBXBuildFile; fileRef = A45923552042A53800F799BF /* Assets.xcassets */; };
		A45923592042A53800F799BF /* LaunchScreen.storyboard in Resources */ = {isa = PBXBuildFile; fileRef = A45923572042A53800F799BF /* LaunchScreen.storyboard */; };
		A459235C2042A53800F799BF /* main.m in Sources */ = {isa = PBXBuildFile; fileRef = A459235B2042A53800F799BF /* main.m */; };
		A45923662042A53800F799BF /* iflyMSCPodTests.m in Sources */ = {isa = PBXBuildFile; fileRef = A45923652042A53800F799BF /* iflyMSCPodTests.m */; };
		A45923712042A53800F799BF /* iflyMSCPodUITests.m in Sources */ = {isa = PBXBuildFile; fileRef = A45923702042A53800F799BF /* iflyMSCPodUITests.m */; };
		A45923802042A5D700F799BF /* iflyMSC.framework in Frameworks */ = {isa = PBXBuildFile; fileRef = A459237F2042A5D600F799BF /* iflyMSC.framework */; };
		A45923832042AB6D00F799BF /* libz.tbd in Frameworks */ = {isa = PBXBuildFile; fileRef = A45923822042AB6D00F799BF /* libz.tbd */; };
		A45923852042AB7500F799BF /* AVFoundation.framework in Frameworks */ = {isa = PBXBuildFile; fileRef = A45923842042AB7500F799BF /* AVFoundation.framework */; };
		A45923872042AB7C00F799BF /* SystemConfiguration.framework in Frameworks */ = {isa = PBXBuildFile; fileRef = A45923862042AB7C00F799BF /* SystemConfiguration.framework */; };
		A45923892042AB8800F799BF /* Foundation.framework in Frameworks */ = {isa = PBXBuildFile; fileRef = A45923882042AB8800F799BF /* Foundation.framework */; };
		A459238B2042AB9C00F799BF /* CoreTelephony.framework in Frameworks */ = {isa = PBXBuildFile; fileRef = A459238A2042AB9C00F799BF /* CoreTelephony.framework */; };
		A459238D2042ABAF00F799BF /* AudioToolbox.framework in Frameworks */ = {isa = PBXBuildFile; fileRef = A459238C2042ABAF00F799BF /* AudioToolbox.framework */; };
		A459238F2042ABB700F799BF /* UIKit.framework in Frameworks */ = {isa = PBXBuildFile; fileRef = A459238E2042ABB700F799BF /* UIKit.framework */; };
		A45923912042ABD800F799BF /* CoreLocation.framework in Frameworks */ = {isa = PBXBuildFile; fileRef = A45923902042ABD800F799BF /* CoreLocation.framework */; };
		A45923932042ABE000F799BF /* Contacts.framework in Frameworks */ = {isa = PBXBuildFile; fileRef = A45923922042ABE000F799BF /* Contacts.framework */; };
		A45923952042ABEA00F799BF /* AddressBook.framework in Frameworks */ = {isa = PBXBuildFile; fileRef = A45923942042ABEA00F799BF /* AddressBook.framework */; };
		A45923972042ABF100F799BF /* QuartzCore.framework in Frameworks */ = {isa = PBXBuildFile; fileRef = A45923962042ABF100F799BF /* QuartzCore.framework */; };
		A45923992042ABF800F799BF /* CoreGraphics.framework in Frameworks */ = {isa = PBXBuildFile; fileRef = A45923982042ABF700F799BF /* CoreGraphics.framework */; };
/* End PBXBuildFile section */

/* Begin PBXContainerItemProxy section */
		A45923622042A53800F799BF /* PBXContainerItemProxy */ = {
			isa = PBXContainerItemProxy;
			containerPortal = A45923412042A53800F799BF /* Project object */;
			proxyType = 1;
			remoteGlobalIDString = A45923482042A53800F799BF;
			remoteInfo = iflyMSCPod;
		};
		A459236D2042A53800F799BF /* PBXContainerItemProxy */ = {
			isa = PBXContainerItemProxy;
			containerPortal = A45923412042A53800F799BF /* Project object */;
			proxyType = 1;
			remoteGlobalIDString = A45923482042A53800F799BF;
			remoteInfo = iflyMSCPod;
		};
/* End PBXContainerItemProxy section */

/* Begin PBXFileReference section */
		A45923492042A53800F799BF /* iflyMSCPod.app */ = {isa = PBXFileReference; explicitFileType = wrapper.application; includeInIndex = 0; path = iflyMSCPod.app; sourceTree = BUILT_PRODUCTS_DIR; };
		A459234C2042A53800F799BF /* AppDelegate.h */ = {isa = PBXFileReference; lastKnownFileType = sourcecode.c.h; path = AppDelegate.h; sourceTree = "<group>"; };
		A459234D2042A53800F799BF /* AppDelegate.m */ = {isa = PBXFileReference; lastKnownFileType = sourcecode.c.objc; path = AppDelegate.m; sourceTree = "<group>"; };
		A459234F2042A53800F799BF /* ViewController.h */ = {isa = PBXFileReference; lastKnownFileType = sourcecode.c.h; path = ViewController.h; sourceTree = "<group>"; };
		A45923502042A53800F799BF /* ViewController.m */ = {isa = PBXFileReference; lastKnownFileType = sourcecode.c.objc; path = ViewController.m; sourceTree = "<group>"; };
		A45923532042A53800F799BF /* Base */ = {isa = PBXFileReference; lastKnownFileType = file.storyboard; name = Base; path = Base.lproj/Main.storyboard; sourceTree = "<group>"; };
		A45923552042A53800F799BF /* Assets.xcassets */ = {isa = PBXFileReference; lastKnownFileType = folder.assetcatalog; path = Assets.xcassets; sourceTree = "<group>"; };
		A45923582042A53800F799BF /* Base */ = {isa = PBXFileReference; lastKnownFileType = file.storyboard; name = Base; path = Base.lproj/LaunchScreen.storyboard; sourceTree = "<group>"; };
		A459235A2042A53800F799BF /* Info.plist */ = {isa = PBXFileReference; lastKnownFileType = text.plist.xml; path = Info.plist; sourceTree = "<group>"; };
		A459235B2042A53800F799BF /* main.m */ = {isa = PBXFileReference; lastKnownFileType = sourcecode.c.objc; path = main.m; sourceTree = "<group>"; };
		A45923612042A53800F799BF /* iflyMSCPodTests.xctest */ = {isa = PBXFileReference; explicitFileType = wrapper.cfbundle; includeInIndex = 0; path = iflyMSCPodTests.xctest; sourceTree = BUILT_PRODUCTS_DIR; };
		A45923652042A53800F799BF /* iflyMSCPodTests.m */ = {isa = PBXFileReference; lastKnownFileType = sourcecode.c.objc; path = iflyMSCPodTests.m; sourceTree = "<group>"; };
		A45923672042A53800F799BF /* Info.plist */ = {isa = PBXFileReference; lastKnownFileType = text.plist.xml; path = Info.plist; sourceTree = "<group>"; };
		A459236C2042A53800F799BF /* iflyMSCPodUITests.xctest */ = {isa = PBXFileReference; explicitFileType = wrapper.cfbundle; includeInIndex = 0; path = iflyMSCPodUITests.xctest; sourceTree = BUILT_PRODUCTS_DIR; };
		A45923702042A53800F799BF /* iflyMSCPodUITests.m */ = {isa = PBXFileReference; lastKnownFileType = sourcecode.c.objc; path = iflyMSCPodUITests.m; sourceTree = "<group>"; };
		A45923722042A53800F799BF /* Info.plist */ = {isa = PBXFileReference; lastKnownFileType = text.plist.xml; path = Info.plist; sourceTree = "<group>"; };
		A459237F2042A5D600F799BF /* iflyMSC.framework */ = {isa = PBXFileReference; lastKnownFileType = wrapper.framework; path = iflyMSC.framework; sourceTree = "<group>"; };
		A45923822042AB6D00F799BF /* libz.tbd */ = {isa = PBXFileReference; lastKnownFileType = "sourcecode.text-based-dylib-definition"; name = libz.tbd; path = usr/lib/libz.tbd; sourceTree = SDKROOT; };
		A45923842042AB7500F799BF /* AVFoundation.framework */ = {isa = PBXFileReference; lastKnownFileType = wrapper.framework; name = AVFoundation.framework; path = System/Library/Frameworks/AVFoundation.framework; sourceTree = SDKROOT; };
		A45923862042AB7C00F799BF /* SystemConfiguration.framework */ = {isa = PBXFileReference; lastKnownFileType = wrapper.framework; name = SystemConfiguration.framework; path = System/Library/Frameworks/SystemConfiguration.framework; sourceTree = SDKROOT; };
		A45923882042AB8800F799BF /* Foundation.framework */ = {isa = PBXFileReference; lastKnownFileType = wrapper.framework; name = Foundation.framework; path = System/Library/Frameworks/Foundation.framework; sourceTree = SDKROOT; };
		A459238A2042AB9C00F799BF /* CoreTelephony.framework */ = {isa = PBXFileReference; lastKnownFileType = wrapper.framework; name = CoreTelephony.framework; path = System/Library/Frameworks/CoreTelephony.framework; sourceTree = SDKROOT; };
		A459238C2042ABAF00F799BF /* AudioToolbox.framework */ = {isa = PBXFileReference; lastKnownFileType = wrapper.framework; name = AudioToolbox.framework; path = System/Library/Frameworks/AudioToolbox.framework; sourceTree = SDKROOT; };
		A459238E2042ABB700F799BF /* UIKit.framework */ = {isa = PBXFileReference; lastKnownFileType = wrapper.framework; name = UIKit.framework; path = System/Library/Frameworks/UIKit.framework; sourceTree = SDKROOT; };
		A45923902042ABD800F799BF /* CoreLocation.framework */ = {isa = PBXFileReference; lastKnownFileType = wrapper.framework; name = CoreLocation.framework; path = System/Library/Frameworks/CoreLocation.framework; sourceTree = SDKROOT; };
		A45923922042ABE000F799BF /* Contacts.framework */ = {isa = PBXFileReference; lastKnownFileType = wrapper.framework; name = Contacts.framework; path = System/Library/Frameworks/Contacts.framework; sourceTree = SDKROOT; };
		A45923942042ABEA00F799BF /* AddressBook.framework */ = {isa = PBXFileReference; lastKnownFileType = wrapper.framework; name = AddressBook.framework; path = System/Library/Frameworks/AddressBook.framework; sourceTree = SDKROOT; };
		A45923962042ABF100F799BF /* QuartzCore.framework */ = {isa = PBXFileReference; lastKnownFileType = wrapper.framework; name = QuartzCore.framework; path = System/Library/Frameworks/QuartzCore.framework; sourceTree = SDKROOT; };
		A45923982042ABF700F799BF /* CoreGraphics.framework */ = {isa = PBXFileReference; lastKnownFileType = wrapper.framework; name = CoreGraphics.framework; path = System/Library/Frameworks/CoreGraphics.framework; sourceTree = SDKROOT; };
/* End PBXFileReference section */

/* Begin PBXFrameworksBuildPhase section */
		A45923462042A53800F799BF /* Frameworks */ = {
			isa = PBXFrameworksBuildPhase;
			buildActionMask = 2147483647;
			files = (
				A45923992042ABF800F799BF /* CoreGraphics.framework in Frameworks */,
				A45923972042ABF100F799BF /* QuartzCore.framework in Frameworks */,
				A45923952042ABEA00F799BF /* AddressBook.framework in Frameworks */,
				A45923932042ABE000F799BF /* Contacts.framework in Frameworks */,
				A45923912042ABD800F799BF /* CoreLocation.framework in Frameworks */,
				A459238F2042ABB700F799BF /* UIKit.framework in Frameworks */,
				A459238D2042ABAF00F799BF /* AudioToolbox.framework in Frameworks */,
				A459238B2042AB9C00F799BF /* CoreTelephony.framework in Frameworks */,
				A45923892042AB8800F799BF /* Foundation.framework in Frameworks */,
				A45923872042AB7C00F799BF /* SystemConfiguration.framework in Frameworks */,
				A45923852042AB7500F799BF /* AVFoundation.framework in Frameworks */,
				A45923832042AB6D00F799BF /* libz.tbd in Frameworks */,
				A45923802042A5D700F799BF /* iflyMSC.framework in Frameworks */,
			);
			runOnlyForDeploymentPostprocessing = 0;
		};
		A459235E2042A53800F799BF /* Frameworks */ = {
			isa = PBXFrameworksBuildPhase;
			buildActionMask = 2147483647;
			files = (
			);
			runOnlyForDeploymentPostprocessing = 0;
		};
		A45923692042A53800F799BF /* Frameworks */ = {
			isa = PBXFrameworksBuildPhase;
			buildActionMask = 2147483647;
			files = (
			);
			runOnlyForDeploymentPostprocessing = 0;
		};
/* End PBXFrameworksBuildPhase section */

/* Begin PBXGroup section */
		A45923402042A53800F799BF = {
			isa = PBXGroup;
			children = (
				A459234B2042A53800F799BF /* iflyMSCPod */,
				A45923642042A53800F799BF /* iflyMSCPodTests */,
				A459236F2042A53800F799BF /* iflyMSCPodUITests */,
				A459234A2042A53800F799BF /* Products */,
				A45923812042AB6D00F799BF /* Frameworks */,
			);
			sourceTree = "<group>";
		};
		A459234A2042A53800F799BF /* Products */ = {
			isa = PBXGroup;
			children = (
				A45923492042A53800F799BF /* iflyMSCPod.app */,
				A45923612042A53800F799BF /* iflyMSCPodTests.xctest */,
				A459236C2042A53800F799BF /* iflyMSCPodUITests.xctest */,
			);
			name = Products;
			sourceTree = "<group>";
		};
		A459234B2042A53800F799BF /* iflyMSCPod */ = {
			isa = PBXGroup;
			children = (
				A459237E2042A5D600F799BF /* lib */,
				A459234C2042A53800F799BF /* AppDelegate.h */,
				A459234D2042A53800F799BF /* AppDelegate.m */,
				A459234F2042A53800F799BF /* ViewController.h */,
				A45923502042A53800F799BF /* ViewController.m */,
				A45923522042A53800F799BF /* Main.storyboard */,
				A45923552042A53800F799BF /* Assets.xcassets */,
				A45923572042A53800F799BF /* LaunchScreen.storyboard */,
				A459235A2042A53800F799BF /* Info.plist */,
				A459235B2042A53800F799BF /* main.m */,
			);
			path = iflyMSCPod;
			sourceTree = "<group>";
		};
		A45923642042A53800F799BF /* iflyMSCPodTests */ = {
			isa = PBXGroup;
			children = (
				A45923652042A53800F799BF /* iflyMSCPodTests.m */,
				A45923672042A53800F799BF /* Info.plist */,
			);
			path = iflyMSCPodTests;
			sourceTree = "<group>";
		};
		A459236F2042A53800F799BF /* iflyMSCPodUITests */ = {
			isa = PBXGroup;
			children = (
				A45923702042A53800F799BF /* iflyMSCPodUITests.m */,
				A45923722042A53800F799BF /* Info.plist */,
			);
			path = iflyMSCPodUITests;
			sourceTree = "<group>";
		};
		A459237E2042A5D600F799BF /* lib */ = {
			isa = PBXGroup;
			children = (
				A459237F2042A5D600F799BF /* iflyMSC.framework */,
			);
			path = lib;
			sourceTree = "<group>";
		};
		A45923812042AB6D00F799BF /* Frameworks */ = {
			isa = PBXGroup;
			children = (
				A45923982042ABF700F799BF /* CoreGraphics.framework */,
				A45923962042ABF100F799BF /* QuartzCore.framework */,
				A45923942042ABEA00F799BF /* AddressBook.framework */,
				A45923922042ABE000F799BF /* Contacts.framework */,
				A45923902042ABD800F799BF /* CoreLocation.framework */,
				A459238E2042ABB700F799BF /* UIKit.framework */,
				A459238C2042ABAF00F799BF /* AudioToolbox.framework */,
				A459238A2042AB9C00F799BF /* CoreTelephony.framework */,
				A45923882042AB8800F799BF /* Foundation.framework */,
				A45923862042AB7C00F799BF /* SystemConfiguration.framework */,
				A45923842042AB7500F799BF /* AVFoundation.framework */,
				A45923822042AB6D00F799BF /* libz.tbd */,
			);
			name = Frameworks;
			sourceTree = "<group>";
		};
/* End PBXGroup section */

/* Begin PBXNativeTarget section */
		A45923482042A53800F799BF /* iflyMSCPod */ = {
			isa = PBXNativeTarget;
			buildConfigurationList = A45923752042A53800F799BF /* Build configuration list for PBXNativeTarget "iflyMSCPod" */;
			buildPhases = (
				A45923452042A53800F799BF /* Sources */,
				A45923462042A53800F799BF /* Frameworks */,
				A45923472042A53800F799BF /* Resources */,
			);
			buildRules = (
			);
			dependencies = (
			);
			name = iflyMSCPod;
			productName = iflyMSCPod;
			productReference = A45923492042A53800F799BF /* iflyMSCPod.app */;
			productType = "com.apple.product-type.application";
		};
		A45923602042A53800F799BF /* iflyMSCPodTests */ = {
			isa = PBXNativeTarget;
			buildConfigurationList = A45923782042A53800F799BF /* Build configuration list for PBXNativeTarget "iflyMSCPodTests" */;
			buildPhases = (
				A459235D2042A53800F799BF /* Sources */,
				A459235E2042A53800F799BF /* Frameworks */,
				A459235F2042A53800F799BF /* Resources */,
			);
			buildRules = (
			);
			dependencies = (
				A45923632042A53800F799BF /* PBXTargetDependency */,
			);
			name = iflyMSCPodTests;
			productName = iflyMSCPodTests;
			productReference = A45923612042A53800F799BF /* iflyMSCPodTests.xctest */;
			productType = "com.apple.product-type.bundle.unit-test";
		};
		A459236B2042A53800F799BF /* iflyMSCPodUITests */ = {
			isa = PBXNativeTarget;
			buildConfigurationList = A459237B2042A53800F799BF /* Build configuration list for PBXNativeTarget "iflyMSCPodUITests" */;
			buildPhases = (
				A45923682042A53800F799BF /* Sources */,
				A45923692042A53800F799BF /* Frameworks */,
				A459236A2042A53800F799BF /* Resources */,
			);
			buildRules = (
			);
			dependencies = (
				A459236E2042A53800F799BF /* PBXTargetDependency */,
			);
			name = iflyMSCPodUITests;
			productName = iflyMSCPodUITests;
			productReference = A459236C2042A53800F799BF /* iflyMSCPodUITests.xctest */;
			productType = "com.apple.product-type.bundle.ui-testing";
		};
/* End PBXNativeTarget section */

/* Begin PBXProject section */
		A45923412042A53800F799BF /* Project object */ = {
			isa = PBXProject;
			attributes = {
				LastUpgradeCheck = 0920;
				ORGANIZATIONNAME = apple;
				TargetAttributes = {
					A45923482042A53800F799BF = {
						CreatedOnToolsVersion = 9.2;
						ProvisioningStyle = Manual;
					};
					A45923602042A53800F799BF = {
						CreatedOnToolsVersion = 9.2;
						ProvisioningStyle = Automatic;
						TestTargetID = A45923482042A53800F799BF;
					};
					A459236B2042A53800F799BF = {
						CreatedOnToolsVersion = 9.2;
						ProvisioningStyle = Automatic;
						TestTargetID = A45923482042A53800F799BF;
					};
				};
			};
			buildConfigurationList = A45923442042A53800F799BF /* Build configuration list for PBXProject "iflyMSCPod" */;
			compatibilityVersion = "Xcode 8.0";
			developmentRegion = en;
			hasScannedForEncodings = 0;
			knownRegions = (
				en,
				Base,
			);
			mainGroup = A45923402042A53800F799BF;
			productRefGroup = A459234A2042A53800F799BF /* Products */;
			projectDirPath = "";
			projectRoot = "";
			targets = (
				A45923482042A53800F799BF /* iflyMSCPod */,
				A45923602042A53800F799BF /* iflyMSCPodTests */,
				A459236B2042A53800F799BF /* iflyMSCPodUITests */,
			);
		};
/* End PBXProject section */

/* Begin PBXResourcesBuildPhase section */
		A45923472042A53800F799BF /* Resources */ = {
			isa = PBXResourcesBuildPhase;
			buildActionMask = 2147483647;
			files = (
				A45923592042A53800F799BF /* LaunchScreen.storyboard in Resources */,
				A45923562042A53800F799BF /* Assets.xcassets in Resources */,
				A45923542042A53800F799BF /* Main.storyboard in Resources */,
			);
			runOnlyForDeploymentPostprocessing = 0;
		};
		A459235F2042A53800F799BF /* Resources */ = {
			isa = PBXResourcesBuildPhase;
			buildActionMask = 2147483647;
			files = (
			);
			runOnlyForDeploymentPostprocessing = 0;
		};
		A459236A2042A53800F799BF /* Resources */ = {
			isa = PBXResourcesBuildPhase;
			buildActionMask = 2147483647;
			files = (
			);
			runOnlyForDeploymentPostprocessing = 0;
		};
/* End PBXResourcesBuildPhase section */

/* Begin PBXSourcesBuildPhase section */
		A45923452042A53800F799BF /* Sources */ = {
			isa = PBXSourcesBuildPhase;
			buildActionMask = 2147483647;
			files = (
				A45923512042A53800F799BF /* ViewController.m in Sources */,
				A459235C2042A53800F799BF /* main.m in Sources */,
				A459234E2042A53800F799BF /* AppDelegate.m in Sources */,
			);
			runOnlyForDeploymentPostprocessing = 0;
		};
		A459235D2042A53800F799BF /* Sources */ = {
			isa = PBXSourcesBuildPhase;
			buildActionMask = 2147483647;
			files = (
				A45923662042A53800F799BF /* iflyMSCPodTests.m in Sources */,
			);
			runOnlyForDeploymentPostprocessing = 0;
		};
		A45923682042A53800F799BF /* Sources */ = {
			isa = PBXSourcesBuildPhase;
			buildActionMask = 2147483647;
			files = (
				A45923712042A53800F799BF /* iflyMSCPodUITests.m in Sources */,
			);
			runOnlyForDeploymentPostprocessing = 0;
		};
/* End PBXSourcesBuildPhase section */

/* Begin PBXTargetDependency section */
		A45923632042A53800F799BF /* PBXTargetDependency */ = {
			isa = PBXTargetDependency;
			target = A45923482042A53800F799BF /* iflyMSCPod */;
			targetProxy = A45923622042A53800F799BF /* PBXContainerItemProxy */;
		};
		A459236E2042A53800F799BF /* PBXTargetDependency */ = {
			isa = PBXTargetDependency;
			target = A45923482042A53800F799BF /* iflyMSCPod */;
			targetProxy = A459236D2042A53800F799BF /* PBXContainerItemProxy */;
		};
/* End PBXTargetDependency section */

/* Begin PBXVariantGroup section */
		A45923522042A53800F799BF /* Main.storyboard */ = {
			isa = PBXVariantGroup;
			children = (
				A45923532042A53800F799BF /* Base */,
			);
			name = Main.storyboard;
			sourceTree = "<group>";
		};
		A45923572042A53800F799BF /* LaunchScreen.storyboard */ = {
			isa = PBXVariantGroup;
			children = (
				A45923582042A53800F799BF /* Base */,
			);
			name = LaunchScreen.storyboard;
			sourceTree = "<group>";
		};
/* End PBXVariantGroup section */

/* Begin XCBuildConfiguration section */
		A45923732042A53800F799BF /* Debug */ = {
			isa = XCBuildConfiguration;
			buildSettings = {
				ALWAYS_SEARCH_USER_PATHS = NO;
				CLANG_ANALYZER_NONNULL = YES;
				CLANG_ANALYZER_NUMBER_OBJECT_CONVERSION = YES_AGGRESSIVE;
				CLANG_CXX_LANGUAGE_STANDARD = "gnu++14";
				CLANG_CXX_LIBRARY = "libc++";
				CLANG_ENABLE_MODULES = YES;
				CLANG_ENABLE_OBJC_ARC = YES;
				CLANG_WARN_BLOCK_CAPTURE_AUTORELEASING = YES;
				CLANG_WARN_BOOL_CONVERSION = YES;
				CLANG_WARN_COMMA = YES;
				CLANG_WARN_CONSTANT_CONVERSION = YES;
				CLANG_WARN_DIRECT_OBJC_ISA_USAGE = YES_ERROR;
				CLANG_WARN_DOCUMENTATION_COMMENTS = YES;
				CLANG_WARN_EMPTY_BODY = YES;
				CLANG_WARN_ENUM_CONVERSION = YES;
				CLANG_WARN_INFINITE_RECURSION = YES;
				CLANG_WARN_INT_CONVERSION = YES;
				CLANG_WARN_NON_LITERAL_NULL_CONVERSION = YES;
				CLANG_WARN_OBJC_LITERAL_CONVERSION = YES;
				CLANG_WARN_OBJC_ROOT_CLASS = YES_ERROR;
				CLANG_WARN_RANGE_LOOP_ANALYSIS = YES;
				CLANG_WARN_STRICT_PROTOTYPES = YES;
				CLANG_WARN_SUSPICIOUS_MOVE = YES;
				CLANG_WARN_UNGUARDED_AVAILABILITY = YES_AGGRESSIVE;
				CLANG_WARN_UNREACHABLE_CODE = YES;
				CLANG_WARN__DUPLICATE_METHOD_MATCH = YES;
				CODE_SIGN_IDENTITY = "iPhone Developer";
				COPY_PHASE_STRIP = NO;
				DEBUG_INFORMATION_FORMAT = dwarf;
				ENABLE_STRICT_OBJC_MSGSEND = YES;
				ENABLE_TESTABILITY = YES;
				GCC_C_LANGUAGE_STANDARD = gnu11;
				GCC_DYNAMIC_NO_PIC = NO;
				GCC_NO_COMMON_BLOCKS = YES;
				GCC_OPTIMIZATION_LEVEL = 0;
				GCC_PREPROCESSOR_DEFINITIONS = (
					"DEBUG=1",
					"$(inherited)",
				);
				GCC_WARN_64_TO_32_BIT_CONVERSION = YES;
				GCC_WARN_ABOUT_RETURN_TYPE = YES_ERROR;
				GCC_WARN_UNDECLARED_SELECTOR = YES;
				GCC_WARN_UNINITIALIZED_AUTOS = YES_AGGRESSIVE;
				GCC_WARN_UNUSED_FUNCTION = YES;
				GCC_WARN_UNUSED_VARIABLE = YES;
				IPHONEOS_DEPLOYMENT_TARGET = 11.2;
				MTL_ENABLE_DEBUG_INFO = YES;
				ONLY_ACTIVE_ARCH = YES;
				SDKROOT = iphoneos;
			};
			name = Debug;
		};
		A45923742042A53800F799BF /* Release */ = {
			isa = XCBuildConfiguration;
			buildSettings = {
				ALWAYS_SEARCH_USER_PATHS = NO;
				CLANG_ANALYZER_NONNULL = YES;
				CLANG_ANALYZER_NUMBER_OBJECT_CONVERSION = YES_AGGRESSIVE;
				CLANG_CXX_LANGUAGE_STANDARD = "gnu++14";
				CLANG_CXX_LIBRARY = "libc++";
				CLANG_ENABLE_MODULES = YES;
				CLANG_ENABLE_OBJC_ARC = YES;
				CLANG_WARN_BLOCK_CAPTURE_AUTORELEASING = YES;
				CLANG_WARN_BOOL_CONVERSION = YES;
				CLANG_WARN_COMMA = YES;
				CLANG_WARN_CONSTANT_CONVERSION = YES;
				CLANG_WARN_DIRECT_OBJC_ISA_USAGE = YES_ERROR;
				CLANG_WARN_DOCUMENTATION_COMMENTS = YES;
				CLANG_WARN_EMPTY_BODY = YES;
				CLANG_WARN_ENUM_CONVERSION = YES;
				CLANG_WARN_INFINITE_RECURSION = YES;
				CLANG_WARN_INT_CONVERSION = YES;
				CLANG_WARN_NON_LITERAL_NULL_CONVERSION = YES;
				CLANG_WARN_OBJC_LITERAL_CONVERSION = YES;
				CLANG_WARN_OBJC_ROOT_CLASS = YES_ERROR;
				CLANG_WARN_RANGE_LOOP_ANALYSIS = YES;
				CLANG_WARN_STRICT_PROTOTYPES = YES;
				CLANG_WARN_SUSPICIOUS_MOVE = YES;
				CLANG_WARN_UNGUARDED_AVAILABILITY = YES_AGGRESSIVE;
				CLANG_WARN_UNREACHABLE_CODE = YES;
				CLANG_WARN__DUPLICATE_METHOD_MATCH = YES;
				CODE_SIGN_IDENTITY = "iPhone Developer";
				COPY_PHASE_STRIP = NO;
				DEBUG_INFORMATION_FORMAT = "dwarf-with-dsym";
				ENABLE_NS_ASSERTIONS = NO;
				ENABLE_STRICT_OBJC_MSGSEND = YES;
				GCC_C_LANGUAGE_STANDARD = gnu11;
				GCC_NO_COMMON_BLOCKS = YES;
				GCC_WARN_64_TO_32_BIT_CONVERSION = YES;
				GCC_WARN_ABOUT_RETURN_TYPE = YES_ERROR;
				GCC_WARN_UNDECLARED_SELECTOR = YES;
				GCC_WARN_UNINITIALIZED_AUTOS = YES_AGGRESSIVE;
				GCC_WARN_UNUSED_FUNCTION = YES;
				GCC_WARN_UNUSED_VARIABLE = YES;
				IPHONEOS_DEPLOYMENT_TARGET = 11.2;
				MTL_ENABLE_DEBUG_INFO = NO;
				SDKROOT = iphoneos;
				VALIDATE_PRODUCT = YES;
			};
			name = Release;
		};
		A45923762042A53800F799BF /* Debug */ = {
			isa = XCBuildConfiguration;
			buildSettings = {
				ASSETCATALOG_COMPILER_APPICON_NAME = AppIcon;
				CODE_SIGN_STYLE = Manual;
				DEVELOPMENT_TEAM = K58KSJ5P75;
				ENABLE_BITCODE = NO;
				FRAMEWORK_SEARCH_PATHS = (
					"$(inherited)",
					"$(PROJECT_DIR)/iflyMSCPod/lib",
				);
				INFOPLIST_FILE = iflyMSCPod/Info.plist;
				IPHONEOS_DEPLOYMENT_TARGET = 8.0;
				LD_RUNPATH_SEARCH_PATHS = "$(inherited) @executable_path/Frameworks";
				PRODUCT_BUNDLE_IDENTIFIER = apple.iflyMSCPod;
				PRODUCT_NAME = "$(TARGET_NAME)";
				PROVISIONING_PROFILE = "d5637169-82f4-4e22-bd33-5301efdcbe68";
				PROVISIONING_PROFILE_SPECIFIER = commonBundleIDDevelopmentProfile;
				TARGETED_DEVICE_FAMILY = "1,2";
			};
			name = Debug;
		};
		A45923772042A53800F799BF /* Release */ = {
			isa = XCBuildConfiguration;
			buildSettings = {
				ASSETCATALOG_COMPILER_APPICON_NAME = AppIcon;
				CODE_SIGN_STYLE = Manual;
				DEVELOPMENT_TEAM = "";
				ENABLE_BITCODE = NO;
				FRAMEWORK_SEARCH_PATHS = (
					"$(inherited)",
					"$(PROJECT_DIR)/iflyMSCPod/lib",
				);
				INFOPLIST_FILE = iflyMSCPod/Info.plist;
				IPHONEOS_DEPLOYMENT_TARGET = 8.0;
				LD_RUNPATH_SEARCH_PATHS = "$(inherited) @executable_path/Frameworks";
				PRODUCT_BUNDLE_IDENTIFIER = apple.iflyMSCPod;
				PRODUCT_NAME = "$(TARGET_NAME)";
				PROVISIONING_PROFILE_SPECIFIER = "";
				TARGETED_DEVICE_FAMILY = "1,2";
			};
			name = Release;
		};
		A45923792042A53800F799BF /* Debug */ = {
			isa = XCBuildConfiguration;
			buildSettings = {
				BUNDLE_LOADER = "$(TEST_HOST)";
				CODE_SIGN_STYLE = Automatic;
				INFOPLIST_FILE = iflyMSCPodTests/Info.plist;
				LD_RUNPATH_SEARCH_PATHS = "$(inherited) @executable_path/Frameworks @loader_path/Frameworks";
				PRODUCT_BUNDLE_IDENTIFIER = apple.iflyMSCPodTests;
				PRODUCT_NAME = "$(TARGET_NAME)";
				TARGETED_DEVICE_FAMILY = "1,2";
				TEST_HOST = "$(BUILT_PRODUCTS_DIR)/iflyMSCPod.app/iflyMSCPod";
			};
			name = Debug;
		};
		A459237A2042A53800F799BF /* Release */ = {
			isa = XCBuildConfiguration;
			buildSettings = {
				BUNDLE_LOADER = "$(TEST_HOST)";
				CODE_SIGN_STYLE = Automatic;
				INFOPLIST_FILE = iflyMSCPodTests/Info.plist;
				LD_RUNPATH_SEARCH_PATHS = "$(inherited) @executable_path/Frameworks @loader_path/Frameworks";
				PRODUCT_BUNDLE_IDENTIFIER = apple.iflyMSCPodTests;
				PRODUCT_NAME = "$(TARGET_NAME)";
				TARGETED_DEVICE_FAMILY = "1,2";
				TEST_HOST = "$(BUILT_PRODUCTS_DIR)/iflyMSCPod.app/iflyMSCPod";
			};
			name = Release;
		};
		A459237C2042A53800F799BF /* Debug */ = {
			isa = XCBuildConfiguration;
			buildSettings = {
				CODE_SIGN_STYLE = Automatic;
				INFOPLIST_FILE = iflyMSCPodUITests/Info.plist;
				LD_RUNPATH_SEARCH_PATHS = "$(inherited) @executable_path/Frameworks @loader_path/Frameworks";
				PRODUCT_BUNDLE_IDENTIFIER = apple.iflyMSCPodUITests;
				PRODUCT_NAME = "$(TARGET_NAME)";
				TARGETED_DEVICE_FAMILY = "1,2";
				TEST_TARGET_NAME = iflyMSCPod;
			};
			name = Debug;
		};
		A459237D2042A53800F799BF /* Release */ = {
			isa = XCBuildConfiguration;
			buildSettings = {
				CODE_SIGN_STYLE = Automatic;
				INFOPLIST_FILE = iflyMSCPodUITests/Info.plist;
				LD_RUNPATH_SEARCH_PATHS = "$(inherited) @executable_path/Frameworks @loader_path/Frameworks";
				PRODUCT_BUNDLE_IDENTIFIER = apple.iflyMSCPodUITests;
				PRODUCT_NAME = "$(TARGET_NAME)";
				TARGETED_DEVICE_FAMILY = "1,2";
				TEST_TARGET_NAME = iflyMSCPod;
			};
			name = Release;
		};
/* End XCBuildConfiguration section */

/* Begin XCConfigurationList section */
		A45923442042A53800F799BF /* Build configuration list for PBXProject "iflyMSCPod" */ = {
			isa = XCConfigurationList;
			buildConfigurations = (
				A45923732042A53800F799BF /* Debug */,
				A45923742042A53800F799BF /* Release */,
			);
			defaultConfigurationIsVisible = 0;
			defaultConfigurationName = Release;
		};
		A45923752042A53800F799BF /* Build configuration list for PBXNativeTarget "iflyMSCPod" */ = {
			isa = XCConfigurationList;
			buildConfigurations = (
				A45923762042A53800F799BF /* Debug */,
				A45923772042A53800F799BF /* Release */,
			);
			defaultConfigurationIsVisible = 0;
			defaultConfigurationName = Release;
		};
		A45923782042A53800F799BF /* Build configuration list for PBXNativeTarget "iflyMSCPodTests" */ = {
			isa = XCConfigurationList;
			buildConfigurations = (
				A45923792042A53800F799BF /* Debug */,
				A459237A2042A53800F799BF /* Release */,
			);
			defaultConfigurationIsVisible = 0;
			defaultConfigurationName = Release;
		};
		A459237B2042A53800F799BF /* Build configuration list for PBXNativeTarget "iflyMSCPodUITests" */ = {
			isa = XCConfigurationList;
			buildConfigurations = (
				A459237C2042A53800F799BF /* Debug */,
				A459237D2042A53800F799BF /* Release */,
			);
			defaultConfigurationIsVisible = 0;
			defaultConfigurationName = Release;
		};
/* End XCConfigurationList section */
	};
	rootObject = A45923412042A53800F799BF /* Project object */;
}
